// !$*UTF8*$!
{
	archiveVersion = 1;
	classes = {
	};
	objectVersion = 50;
	objects = {

/* Begin PBXBuildFile section */
		D0C6829020AD6397003C955E /* AppDelegate.m in Sources */ = {isa = PBXBuildFile; fileRef = D0C6828F20AD6397003C955E /* AppDelegate.m */; };
		D0C6829320AD6397003C955E /* AViewController.m in Sources */ = {isa = PBXBuildFile; fileRef = D0C6829220AD6397003C955E /* AViewController.m */; };
		D0C6829620AD6397003C955E /* Main.storyboard in Resources */ = {isa = PBXBuildFile; fileRef = D0C6829420AD6397003C955E /* Main.storyboard */; };
		D0C6829820AD639A003C955E /* Assets.xcassets in Resources */ = {isa = PBXBuildFile; fileRef = D0C6829720AD639A003C955E /* Assets.xcassets */; };
		D0C6829B20AD639A003C955E /* LaunchScreen.storyboard in Resources */ = {isa = PBXBuildFile; fileRef = D0C6829920AD639A003C955E /* LaunchScreen.storyboard */; };
		D0C6829E20AD639A003C955E /* main.m in Sources */ = {isa = PBXBuildFile; fileRef = D0C6829D20AD639A003C955E /* main.m */; };
		D0C682A820AD639B003C955E /* block__Tests.m in Sources */ = {isa = PBXBuildFile; fileRef = D0C682A720AD639B003C955E /* block__Tests.m */; };
		D0C682B320AD639B003C955E /* block__UITests.m in Sources */ = {isa = PBXBuildFile; fileRef = D0C682B220AD639B003C955E /* block__UITests.m */; };
		D0C682C220AD67E1003C955E /* BViewController.m in Sources */ = {isa = PBXBuildFile; fileRef = D0C682C120AD67E1003C955E /* BViewController.m */; };
/* End PBXBuildFile section */

/* Begin PBXContainerItemProxy section */
		D0C682A420AD639B003C955E /* PBXContainerItemProxy */ = {
			isa = PBXContainerItemProxy;
			containerPortal = D0C6828320AD6397003C955E /* Project object */;
			proxyType = 1;
			remoteGlobalIDString = D0C6828A20AD6397003C955E;
			remoteInfo = "block学习";
		};
		D0C682AF20AD639B003C955E /* PBXContainerItemProxy */ = {
			isa = PBXContainerItemProxy;
			containerPortal = D0C6828320AD6397003C955E /* Project object */;
			proxyType = 1;
			remoteGlobalIDString = D0C6828A20AD6397003C955E;
			remoteInfo = "block学习";
		};
/* End PBXContainerItemProxy section */

/* Begin PBXFileReference section */
		D0C6828B20AD6397003C955E /* block学习.app */ = {isa = PBXFileReference; explicitFileType = wrapper.application; includeInIndex = 0; path = "block学习.app"; sourceTree = BUILT_PRODUCTS_DIR; };
		D0C6828E20AD6397003C955E /* AppDelegate.h */ = {isa = PBXFileReference; lastKnownFileType = sourcecode.c.h; path = AppDelegate.h; sourceTree = "<group>"; };
		D0C6828F20AD6397003C955E /* AppDelegate.m */ = {isa = PBXFileReference; lastKnownFileType = sourcecode.c.objc; path = AppDelegate.m; sourceTree = "<group>"; };
		D0C6829120AD6397003C955E /* AViewController.h */ = {isa = PBXFileReference; lastKnownFileType = sourcecode.c.h; path = AViewController.h; sourceTree = "<group>"; };
		D0C6829220AD6397003C955E /* AViewController.m */ = {isa = PBXFileReference; lastKnownFileType = sourcecode.c.objc; path = AViewController.m; sourceTree = "<group>"; };
		D0C6829520AD6397003C955E /* Base */ = {isa = PBXFileReference; lastKnownFileType = file.storyboard; name = Base; path = Base.lproj/Main.storyboard; sourceTree = "<group>"; };
		D0C6829720AD639A003C955E /* Assets.xcassets */ = {isa = PBXFileReference; lastKnownFileType = folder.assetcatalog; path = Assets.xcassets; sourceTree = "<group>"; };
		D0C6829A20AD639A003C955E /* Base */ = {isa = PBXFileReference; lastKnownFileType = file.storyboard; name = Base; path = Base.lproj/LaunchScreen.storyboard; sourceTree = "<group>"; };
		D0C6829C20AD639A003C955E /* Info.plist */ = {isa = PBXFileReference; lastKnownFileType = text.plist.xml; path = Info.plist; sourceTree = "<group>"; };
		D0C6829D20AD639A003C955E /* main.m */ = {isa = PBXFileReference; lastKnownFileType = sourcecode.c.objc; path = main.m; sourceTree = "<group>"; };
		D0C682A320AD639B003C955E /* block学习Tests.xctest */ = {isa = PBXFileReference; explicitFileType = wrapper.cfbundle; includeInIndex = 0; path = "block学习Tests.xctest"; sourceTree = BUILT_PRODUCTS_DIR; };
		D0C682A720AD639B003C955E /* block__Tests.m */ = {isa = PBXFileReference; lastKnownFileType = sourcecode.c.objc; path = block__Tests.m; sourceTree = "<group>"; };
		D0C682A920AD639B003C955E /* Info.plist */ = {isa = PBXFileReference; lastKnownFileType = text.plist.xml; path = Info.plist; sourceTree = "<group>"; };
		D0C682AE20AD639B003C955E /* block学习UITests.xctest */ = {isa = PBXFileReference; explicitFileType = wrapper.cfbundle; includeInIndex = 0; path = "block学习UITests.xctest"; sourceTree = BUILT_PRODUCTS_DIR; };
		D0C682B220AD639B003C955E /* block__UITests.m */ = {isa = PBXFileReference; lastKnownFileType = sourcecode.c.objc; path = block__UITests.m; sourceTree = "<group>"; };
		D0C682B420AD639B003C955E /* Info.plist */ = {isa = PBXFileReference; lastKnownFileType = text.plist.xml; path = Info.plist; sourceTree = "<group>"; };
		D0C682C020AD67E1003C955E /* BViewController.h */ = {isa = PBXFileReference; lastKnownFileType = sourcecode.c.h; path = BViewController.h; sourceTree = "<group>"; };
		D0C682C120AD67E1003C955E /* BViewController.m */ = {isa = PBXFileReference; lastKnownFileType = sourcecode.c.objc; path = BViewController.m; sourceTree = "<group>"; };
/* End PBXFileReference section */

/* Begin PBXFrameworksBuildPhase section */
		D0C6828820AD6397003C955E /* Frameworks */ = {
			isa = PBXFrameworksBuildPhase;
			buildActionMask = 2147483647;
			files = (
			);
			runOnlyForDeploymentPostprocessing = 0;
		};
		D0C682A020AD639B003C955E /* Frameworks */ = {
			isa = PBXFrameworksBuildPhase;
			buildActionMask = 2147483647;
			files = (
			);
			runOnlyForDeploymentPostprocessing = 0;
		};
		D0C682AB20AD639B003C955E /* Frameworks */ = {
			isa = PBXFrameworksBuildPhase;
			buildActionMask = 2147483647;
			files = (
			);
			runOnlyForDeploymentPostprocessing = 0;
		};
/* End PBXFrameworksBuildPhase section */

/* Begin PBXGroup section */
		D0C6828220AD6397003C955E = {
			isa = PBXGroup;
			children = (
				D0C6828D20AD6397003C955E /* block学习 */,
				D0C682A620AD639B003C955E /* block学习Tests */,
				D0C682B120AD639B003C955E /* block学习UITests */,
				D0C6828C20AD6397003C955E /* Products */,
			);
			sourceTree = "<group>";
		};
		D0C6828C20AD6397003C955E /* Products */ = {
			isa = PBXGroup;
			children = (
				D0C6828B20AD6397003C955E /* block学习.app */,
				D0C682A320AD639B003C955E /* block学习Tests.xctest */,
				D0C682AE20AD639B003C955E /* block学习UITests.xctest */,
			);
			name = Products;
			sourceTree = "<group>";
		};
		D0C6828D20AD6397003C955E /* block学习 */ = {
			isa = PBXGroup;
			children = (
				D0C6828E20AD6397003C955E /* AppDelegate.h */,
				D0C6828F20AD6397003C955E /* AppDelegate.m */,
				D0C6829120AD6397003C955E /* AViewController.h */,
				D0C6829220AD6397003C955E /* AViewController.m */,
				D0C682C020AD67E1003C955E /* BViewController.h */,
				D0C682C120AD67E1003C955E /* BViewController.m */,
				D0C6829420AD6397003C955E /* Main.storyboard */,
				D0C6829720AD639A003C955E /* Assets.xcassets */,
				D0C6829920AD639A003C955E /* LaunchScreen.storyboard */,
				D0C6829C20AD639A003C955E /* Info.plist */,
				D0C6829D20AD639A003C955E /* main.m */,
			);
			path = "block学习";
			sourceTree = "<group>";
		};
		D0C682A620AD639B003C955E /* block学习Tests */ = {
			isa = PBXGroup;
			children = (
				D0C682A720AD639B003C955E /* block__Tests.m */,
				D0C682A920AD639B003C955E /* Info.plist */,
			);
			path = "block学习Tests";
			sourceTree = "<group>";
		};
		D0C682B120AD639B003C955E /* block学习UITests */ = {
			isa = PBXGroup;
			children = (
				D0C682B220AD639B003C955E /* block__UITests.m */,
				D0C682B420AD639B003C955E /* Info.plist */,
			);
			path = "block学习UITests";
			sourceTree = "<group>";
		};
/* End PBXGroup section */

/* Begin PBXNativeTarget section */
		D0C6828A20AD6397003C955E /* block学习 */ = {
			isa = PBXNativeTarget;
			buildConfigurationList = D0C682B720AD639B003C955E /* Build configuration list for PBXNativeTarget "block学习" */;
			buildPhases = (
				D0C6828720AD6397003C955E /* Sources */,
				D0C6828820AD6397003C955E /* Frameworks */,
				D0C6828920AD6397003C955E /* Resources */,
			);
			buildRules = (
			);
			dependencies = (
			);
			name = "block学习";
			productName = "block学习";
			productReference = D0C6828B20AD6397003C955E /* block学习.app */;
			productType = "com.apple.product-type.application";
		};
		D0C682A220AD639B003C955E /* block学习Tests */ = {
			isa = PBXNativeTarget;
			buildConfigurationList = D0C682BA20AD639B003C955E /* Build configuration list for PBXNativeTarget "block学习Tests" */;
			buildPhases = (
				D0C6829F20AD639B003C955E /* Sources */,
				D0C682A020AD639B003C955E /* Frameworks */,
				D0C682A120AD639B003C955E /* Resources */,
			);
			buildRules = (
			);
			dependencies = (
				D0C682A520AD639B003C955E /* PBXTargetDependency */,
			);
			name = "block学习Tests";
			productName = "block学习Tests";
			productReference = D0C682A320AD639B003C955E /* block学习Tests.xctest */;
			productType = "com.apple.product-type.bundle.unit-test";
		};
		D0C682AD20AD639B003C955E /* block学习UITests */ = {
			isa = PBXNativeTarget;
			buildConfigurationList = D0C682BD20AD639B003C955E /* Build configuration list for PBXNativeTarget "block学习UITests" */;
			buildPhases = (
				D0C682AA20AD639B003C955E /* Sources */,
				D0C682AB20AD639B003C955E /* Frameworks */,
				D0C682AC20AD639B003C955E /* Resources */,
			);
			buildRules = (
			);
			dependencies = (
				D0C682B020AD639B003C955E /* PBXTargetDependency */,
			);
			name = "block学习UITests";
			productName = "block学习UITests";
			productReference = D0C682AE20AD639B003C955E /* block学习UITests.xctest */;
			productType = "com.apple.product-type.bundle.ui-testing";
		};
/* End PBXNativeTarget section */

/* Begin PBXProject section */
		D0C6828320AD6397003C955E /* Project object */ = {
			isa = PBXProject;
			attributes = {
				LastUpgradeCheck = 0930;
				ORGANIZATIONNAME = CYZ;
				TargetAttributes = {
					D0C6828A20AD6397003C955E = {
						CreatedOnToolsVersion = 9.3;
					};
					D0C682A220AD639B003C955E = {
						CreatedOnToolsVersion = 9.3;
						TestTargetID = D0C6828A20AD6397003C955E;
					};
					D0C682AD20AD639B003C955E = {
						CreatedOnToolsVersion = 9.3;
						TestTargetID = D0C6828A20AD6397003C955E;
					};
				};
			};
			buildConfigurationList = D0C6828620AD6397003C955E /* Build configuration list for PBXProject "block学习" */;
			compatibilityVersion = "Xcode 9.3";
			developmentRegion = en;
			hasScannedForEncodings = 0;
			knownRegions = (
				en,
				Base,
			);
			mainGroup = D0C6828220AD6397003C955E;
			productRefGroup = D0C6828C20AD6397003C955E /* Products */;
			projectDirPath = "";
			projectRoot = "";
			targets = (
				D0C6828A20AD6397003C955E /* block学习 */,
				D0C682A220AD639B003C955E /* block学习Tests */,
				D0C682AD20AD639B003C955E /* block学习UITests */,
			);
		};
/* End PBXProject section */

/* Begin PBXResourcesBuildPhase section */
		D0C6828920AD6397003C955E /* Resources */ = {
			isa = PBXResourcesBuildPhase;
			buildActionMask = 2147483647;
			files = (
				D0C6829B20AD639A003C955E /* LaunchScreen.storyboard in Resources */,
				D0C6829820AD639A003C955E /* Assets.xcassets in Resources */,
				D0C6829620AD6397003C955E /* Main.storyboard in Resources */,
			);
			runOnlyForDeploymentPostprocessing = 0;
		};
		D0C682A120AD639B003C955E /* Resources */ = {
			isa = PBXResourcesBuildPhase;
			buildActionMask = 2147483647;
			files = (
			);
			runOnlyForDeploymentPostprocessing = 0;
		};
		D0C682AC20AD639B003C955E /* Resources */ = {
			isa = PBXResourcesBuildPhase;
			buildActionMask = 2147483647;
			files = (
			);
			runOnlyForDeploymentPostprocessing = 0;
		};
/* End PBXResourcesBuildPhase section */

/* Begin PBXSourcesBuildPhase section */
		D0C6828720AD6397003C955E /* Sources */ = {
			isa = PBXSourcesBuildPhase;
			buildActionMask = 2147483647;
			files = (
				D0C6829320AD6397003C955E /* AViewController.m in Sources */,
				D0C682C220AD67E1003C955E /* BViewController.m in Sources */,
				D0C6829E20AD639A003C955E /* main.m in Sources */,
				D0C6829020AD6397003C955E /* AppDelegate.m in Sources */,
			);
			runOnlyForDeploymentPostprocessing = 0;
		};
		D0C6829F20AD639B003C955E /* Sources */ = {
			isa = PBXSourcesBuildPhase;
			buildActionMask = 2147483647;
			files = (
				D0C682A820AD639B003C955E /* block__Tests.m in Sources */,
			);
			runOnlyForDeploymentPostprocessing = 0;
		};
		D0C682AA20AD639B003C955E /* Sources */ = {
			isa = PBXSourcesBuildPhase;
			buildActionMask = 2147483647;
			files = (
				D0C682B320AD639B003C955E /* block__UITests.m in Sources */,
			);
			runOnlyForDeploymentPostprocessing = 0;
		};
/* End PBXSourcesBuildPhase section */

/* Begin PBXTargetDependency section */
		D0C682A520AD639B003C955E /* PBXTargetDependency */ = {
			isa = PBXTargetDependency;
			target = D0C6828A20AD6397003C955E /* block学习 */;
			targetProxy = D0C682A420AD639B003C955E /* PBXContainerItemProxy */;
		};
		D0C682B020AD639B003C955E /* PBXTargetDependency */ = {
			isa = PBXTargetDependency;
			target = D0C6828A20AD6397003C955E /* block学习 */;
			targetProxy = D0C682AF20AD639B003C955E /* PBXContainerItemProxy */;
		};
/* End PBXTargetDependency section */

/* Begin PBXVariantGroup section */
		D0C6829420AD6397003C955E /* Main.storyboard */ = {
			isa = PBXVariantGroup;
			children = (
				D0C6829520AD6397003C955E /* Base */,
			);
			name = Main.storyboard;
			sourceTree = "<group>";
		};
		D0C6829920AD639A003C955E /* LaunchScreen.storyboard */ = {
			isa = PBXVariantGroup;
			children = (
				D0C6829A20AD639A003C955E /* Base */,
			);
			name = LaunchScreen.storyboard;
			sourceTree = "<group>";
		};
/* End PBXVariantGroup section */

/* Begin XCBuildConfiguration section */
		D0C682B520AD639B003C955E /* Debug */ = {
			isa = XCBuildConfiguration;
			buildSettings = {
				ALWAYS_SEARCH_USER_PATHS = NO;
				CLANG_ANALYZER_NONNULL = YES;
				CLANG_ANALYZER_NUMBER_OBJECT_CONVERSION = YES_AGGRESSIVE;
				CLANG_CXX_LANGUAGE_STANDARD = "gnu++14";
				CLANG_CXX_LIBRARY = "libc++";
				CLANG_ENABLE_MODULES = YES;
				CLANG_ENABLE_OBJC_ARC = YES;
				CLANG_ENABLE_OBJC_WEAK = YES;
				CLANG_WARN_BLOCK_CAPTURE_AUTORELEASING = YES;
				CLANG_WARN_BOOL_CONVERSION = YES;
				CLANG_WARN_COMMA = YES;
				CLANG_WARN_CONSTANT_CONVERSION = YES;
				CLANG_WARN_DEPRECATED_OBJC_IMPLEMENTATIONS = YES;
				CLANG_WARN_DIRECT_OBJC_ISA_USAGE = YES_ERROR;
				CLANG_WARN_DOCUMENTATION_COMMENTS = YES;
				CLANG_WARN_EMPTY_BODY = YES;
				CLANG_WARN_ENUM_CONVERSION = YES;
				CLANG_WARN_INFINITE_RECURSION = YES;
				CLANG_WARN_INT_CONVERSION = YES;
				CLANG_WARN_NON_LITERAL_NULL_CONVERSION = YES;
				CLANG_WARN_OBJC_IMPLICIT_RETAIN_SELF = YES;
				CLANG_WARN_OBJC_LITERAL_CONVERSION = YES;
				CLANG_WARN_OBJC_ROOT_CLASS = YES_ERROR;
				CLANG_WARN_RANGE_LOOP_ANALYSIS = YES;
				CLANG_WARN_STRICT_PROTOTYPES = YES;
				CLANG_WARN_SUSPICIOUS_MOVE = YES;
				CLANG_WARN_UNGUARDED_AVAILABILITY = YES_AGGRESSIVE;
				CLANG_WARN_UNREACHABLE_CODE = YES;
				CLANG_WARN__DUPLICATE_METHOD_MATCH = YES;
				CODE_SIGN_IDENTITY = "iPhone Developer";
				COPY_PHASE_STRIP = NO;
				DEBUG_INFORMATION_FORMAT = dwarf;
				ENABLE_STRICT_OBJC_MSGSEND = YES;
				ENABLE_TESTABILITY = YES;
				GCC_C_LANGUAGE_STANDARD = gnu11;
				GCC_DYNAMIC_NO_PIC = NO;
				GCC_NO_COMMON_BLOCKS = YES;
				GCC_OPTIMIZATION_LEVEL = 0;
				GCC_PREPROCESSOR_DEFINITIONS = (
					"DEBUG=1",
					"$(inherited)",
				);
				GCC_WARN_64_TO_32_BIT_CONVERSION = YES;
				GCC_WARN_ABOUT_RETURN_TYPE = YES_ERROR;
				GCC_WARN_UNDECLARED_SELECTOR = YES;
				GCC_WARN_UNINITIALIZED_AUTOS = YES_AGGRESSIVE;
				GCC_WARN_UNUSED_FUNCTION = YES;
				GCC_WARN_UNUSED_VARIABLE = YES;
				IPHONEOS_DEPLOYMENT_TARGET = 11.3;
				MTL_ENABLE_DEBUG_INFO = YES;
				ONLY_ACTIVE_ARCH = YES;
				SDKROOT = iphoneos;
			};
			name = Debug;
		};
		D0C682B620AD639B003C955E /* Release */ = {
			isa = XCBuildConfiguration;
			buildSettings = {
				ALWAYS_SEARCH_USER_PATHS = NO;
				CLANG_ANALYZER_NONNULL = YES;
				CLANG_ANALYZER_NUMBER_OBJECT_CONVERSION = YES_AGGRESSIVE;
				CLANG_CXX_LANGUAGE_STANDARD = "gnu++14";
				CLANG_CXX_LIBRARY = "libc++";
				CLANG_ENABLE_MODULES = YES;
				CLANG_ENABLE_OBJC_ARC = YES;
				CLANG_ENABLE_OBJC_WEAK = YES;
				CLANG_WARN_BLOCK_CAPTURE_AUTORELEASING = YES;
				CLANG_WARN_BOOL_CONVERSION = YES;
				CLANG_WARN_COMMA = YES;
				CLANG_WARN_CONSTANT_CONVERSION = YES;
				CLANG_WARN_DEPRECATED_OBJC_IMPLEMENTATIONS = YES;
				CLANG_WARN_DIRECT_OBJC_ISA_USAGE = YES_ERROR;
				CLANG_WARN_DOCUMENTATION_COMMENTS = YES;
				CLANG_WARN_EMPTY_BODY = YES;
				CLANG_WARN_ENUM_CONVERSION = YES;
				CLANG_WARN_INFINITE_RECURSION = YES;
				CLANG_WARN_INT_CONVERSION = YES;
				CLANG_WARN_NON_LITERAL_NULL_CONVERSION = YES;
				CLANG_WARN_OBJC_IMPLICIT_RETAIN_SELF = YES;
				CLANG_WARN_OBJC_LITERAL_CONVERSION = YES;
				CLANG_WARN_OBJC_ROOT_CLASS = YES_ERROR;
				CLANG_WARN_RANGE_LOOP_ANALYSIS = YES;
				CLANG_WARN_STRICT_PROTOTYPES = YES;
				CLANG_WARN_SUSPICIOUS_MOVE = YES;
				CLANG_WARN_UNGUARDED_AVAILABILITY = YES_AGGRESSIVE;
				CLANG_WARN_UNREACHABLE_CODE = YES;
				CLANG_WARN__DUPLICATE_METHOD_MATCH = YES;
				CODE_SIGN_IDENTITY = "iPhone Developer";
				COPY_PHASE_STRIP = NO;
				DEBUG_INFORMATION_FORMAT = "dwarf-with-dsym";
				ENABLE_NS_ASSERTIONS = NO;
				ENABLE_STRICT_OBJC_MSGSEND = YES;
				GCC_C_LANGUAGE_STANDARD = gnu11;
				GCC_NO_COMMON_BLOCKS = YES;
				GCC_WARN_64_TO_32_BIT_CONVERSION = YES;
				GCC_WARN_ABOUT_RETURN_TYPE = YES_ERROR;
				GCC_WARN_UNDECLARED_SELECTOR = YES;
				GCC_WARN_UNINITIALIZED_AUTOS = YES_AGGRESSIVE;
				GCC_WARN_UNUSED_FUNCTION = YES;
				GCC_WARN_UNUSED_VARIABLE = YES;
				IPHONEOS_DEPLOYMENT_TARGET = 11.3;
				MTL_ENABLE_DEBUG_INFO = NO;
				SDKROOT = iphoneos;
				VALIDATE_PRODUCT = YES;
			};
			name = Release;
		};
		D0C682B820AD639B003C955E /* Debug */ = {
			isa = XCBuildConfiguration;
			buildSettings = {
				ASSETCATALOG_COMPILER_APPICON_NAME = AppIcon;
				CODE_SIGN_STYLE = Automatic;
				INFOPLIST_FILE = "block学习/Info.plist";
				LD_RUNPATH_SEARCH_PATHS = (
					"$(inherited)",
					"@executable_path/Frameworks",
				);
				PRODUCT_BUNDLE_IDENTIFIER = com.learn.block;
				PRODUCT_NAME = "$(TARGET_NAME)";
				TARGETED_DEVICE_FAMILY = "1,2";
			};
			name = Debug;
		};
		D0C682B920AD639B003C955E /* Release */ = {
			isa = XCBuildConfiguration;
			buildSettings = {
				ASSETCATALOG_COMPILER_APPICON_NAME = AppIcon;
				CODE_SIGN_STYLE = Automatic;
				INFOPLIST_FILE = "block学习/Info.plist";
				LD_RUNPATH_SEARCH_PATHS = (
					"$(inherited)",
					"@executable_path/Frameworks",
				);
				PRODUCT_BUNDLE_IDENTIFIER = com.learn.block;
				PRODUCT_NAME = "$(TARGET_NAME)";
				TARGETED_DEVICE_FAMILY = "1,2";
			};
			name = Release;
		};
		D0C682BB20AD639B003C955E /* Debug */ = {
			isa = XCBuildConfiguration;
			buildSettings = {
				BUNDLE_LOADER = "$(TEST_HOST)";
				CODE_SIGN_STYLE = Automatic;
				INFOPLIST_FILE = "block学习Tests/Info.plist";
				LD_RUNPATH_SEARCH_PATHS = (
					"$(inherited)",
					"@executable_path/Frameworks",
					"@loader_path/Frameworks",
				);
				PRODUCT_BUNDLE_IDENTIFIER = "com.learn.block--Tests";
				PRODUCT_NAME = "$(TARGET_NAME)";
				TARGETED_DEVICE_FAMILY = "1,2";
				TEST_HOST = "$(BUILT_PRODUCTS_DIR)/block学习.app/block学习";
			};
			name = Debug;
		};
		D0C682BC20AD639B003C955E /* Release */ = {
			isa = XCBuildConfiguration;
			buildSettings = {
				BUNDLE_LOADER = "$(TEST_HOST)";
				CODE_SIGN_STYLE = Automatic;
				INFOPLIST_FILE = "block学习Tests/Info.plist";
				LD_RUNPATH_SEARCH_PATHS = (
					"$(inherited)",
					"@executable_path/Frameworks",
					"@loader_path/Frameworks",
				);
				PRODUCT_BUNDLE_IDENTIFIER = "com.learn.block--Tests";
				PRODUCT_NAME = "$(TARGET_NAME)";
				TARGETED_DEVICE_FAMILY = "1,2";
				TEST_HOST = "$(BUILT_PRODUCTS_DIR)/block学习.app/block学习";
			};
			name = Release;
		};
		D0C682BE20AD639B003C955E /* Debug */ = {
			isa = XCBuildConfiguration;
			buildSettings = {
				CODE_SIGN_STYLE = Automatic;
				INFOPLIST_FILE = "block学习UITests/Info.plist";
				LD_RUNPATH_SEARCH_PATHS = (
					"$(inherited)",
					"@executable_path/Frameworks",
					"@loader_path/Frameworks",
				);
				PRODUCT_BUNDLE_IDENTIFIER = "com.learn.block--UITests";
				PRODUCT_NAME = "$(TARGET_NAME)";
				TARGETED_DEVICE_FAMILY = "1,2";
				TEST_TARGET_NAME = "block学习";
			};
			name = Debug;
		};
		D0C682BF20AD639B003C955E /* Release */ = {
			isa = XCBuildConfiguration;
			buildSettings = {
				CODE_SIGN_STYLE = Automatic;
				INFOPLIST_FILE = "block学习UITests/Info.plist";
				LD_RUNPATH_SEARCH_PATHS = (
					"$(inherited)",
					"@executable_path/Frameworks",
					"@loader_path/Frameworks",
				);
				PRODUCT_BUNDLE_IDENTIFIER = "com.learn.block--UITests";
				PRODUCT_NAME = "$(TARGET_NAME)";
				TARGETED_DEVICE_FAMILY = "1,2";
				TEST_TARGET_NAME = "block学习";
			};
			name = Release;
		};
/* End XCBuildConfiguration section */

/* Begin XCConfigurationList section */
		D0C6828620AD6397003C955E /* Build configuration list for PBXProject "block学习" */ = {
			isa = XCConfigurationList;
			buildConfigurations = (
				D0C682B520AD639B003C955E /* Debug */,
				D0C682B620AD639B003C955E /* Release */,
			);
			defaultConfigurationIsVisible = 0;
			defaultConfigurationName = Release;
		};
		D0C682B720AD639B003C955E /* Build configuration list for PBXNativeTarget "block学习" */ = {
			isa = XCConfigurationList;
			buildConfigurations = (
				D0C682B820AD639B003C955E /* Debug */,
				D0C682B920AD639B003C955E /* Release */,
			);
			defaultConfigurationIsVisible = 0;
			defaultConfigurationName = Release;
		};
		D0C682BA20AD639B003C955E /* Build configuration list for PBXNativeTarget "block学习Tests" */ = {
			isa = XCConfigurationList;
			buildConfigurations = (
				D0C682BB20AD639B003C955E /* Debug */,
				D0C682BC20AD639B003C955E /* Release */,
			);
			defaultConfigurationIsVisible = 0;
			defaultConfigurationName = Release;
		};
		D0C682BD20AD639B003C955E /* Build configuration list for PBXNativeTarget "block学习UITests" */ = {
			isa = XCConfigurationList;
			buildConfigurations = (
				D0C682BE20AD639B003C955E /* Debug */,
				D0C682BF20AD639B003C955E /* Release */,
			);
			defaultConfigurationIsVisible = 0;
			defaultConfigurationName = Release;
		};
/* End XCConfigurationList section */
	};
	rootObject = D0C6828320AD6397003C955E /* Project object */;
}
